{
  "name": "unresolved",
  "version": "1.0.0",
  "lockfileVersion": 1,
  "requires": true,
  "dependencies": {
    "@eclipse-scout/core": {
      "version": "11.0.15",
      "resolved": "https://registry.npmjs.org/@eclipse-scout/core/-/core-11.0.15.tgz",
      "integrity": "sha512-ae34wc7JGjh1SMSyrZYZdKb3xiuaOvZZFDJryQhzZ+sKRzKR5We0/Z2q5I3ZcuzA5PiqlMKBcxPAzCtQyMvxUw==",
      "requires": {
        "jquery": "3.5.1",
        "sourcemapped-stacktrace": "1.1.11"
      }
    },
    "jquery": {
      "version": "3.5.1",
      "resolved": "https://registry.npmjs.org/jquery/-/jquery-3.5.1.tgz",
      "integrity": "sha512-XwIBPqcMn57FxfT+Go5pzySnm4KWkT1Tv7gjrpT1srtf8Weynl6R273VJ5GjkRb51IzMp5nbaPjJXMWeju2MKg=="
    },
    "source-map": {
      "version": "0.5.6",
      "resolved": "https://registry.npmjs.org/source-map/-/source-map-0.5.6.tgz",
      "integrity": "sha1-dc449SvwczxafwwRjYEzSiu19BI="
    },
    "sourcemapped-stacktrace": {
      "version": "1.1.11",
      "resolved": "https://registry.npmjs.org/sourcemapped-stacktrace/-/sourcemapped-stacktrace-1.1.11.tgz",
      "integrity": "sha512-O0pcWjJqzQFVsisPlPXuNawJHHg9N9UgpJ/aDmvi9+vnS3x1C0NhwkVFzzZ1VN0Xo+bekyweoqYvBw5ZBKiNnQ==",
      "requires": {
        "source-map": "0.5.6"
      }
    }
  }
}
