{
  "name": "unresolved",
  "version": "1.0.0",
  "lockfileVersion": 2,
  "requires": true,
  "packages": {
    "": {
      "version": "1.0.0",
      "license": "ISC",
      "dependencies": {
        "@eclipse-scout/core": "11.0.15"
      }
    },
    "node_modules/@eclipse-scout/core": {
      "version": "11.0.15",
      "resolved": "https://registry.npmjs.org/@eclipse-scout/core/-/core-11.0.15.tgz",
      "integrity": "sha512-ae34wc7JGjh1SMSyrZYZdKb3xiuaOvZZFDJryQhzZ+sKRzKR5We0/Z2q5I3ZcuzA5PiqlMKBcxPAzCtQyMvxUw==",
      "dependencies": {
        "jquery": "3.5.1",
        "sourcemapped-stacktrace": "1.1.11"
      },
      "engines": {
        "node": ">=12.1.0",
        "npm": ">=6.9.0",
        "pnpm": ">=5"
      }
    },
    "node_modules/jquery": {
      "version": "3.5.1",
      "resolved": "https://registry.npmjs.org/jquery/-/jquery-3.5.1.tgz",
      "integrity": "sha512-XwIBPqcMn57FxfT+Go5pzySnm4KWkT1Tv7gjrpT1srtf8Weynl6R273VJ5GjkRb51IzMp5nbaPjJXMWeju2MKg=="
    },
    "node_modules/source-map": {
      "version": "0.5.6",
      "resolved": "https://registry.npmjs.org/source-map/-/source-map-0.5.6.tgz",
      "integrity": "sha1-dc449SvwczxafwwRjYEzSiu19BI=",
      "engines": {
        "node": ">=0.10.0"
      }
    },
    "node_modules/sourcemapped-stacktrace": {
      "version": "1.1.11",
      "resolved": "https://registry.npmjs.org/sourcemapped-stacktrace/-/sourcemapped-stacktrace-1.1.11.tgz",
      "integrity": "sha512-O0pcWjJqzQFVsisPlPXuNawJHHg9N9UgpJ/aDmvi9+vnS3x1C0NhwkVFzzZ1VN0Xo+bekyweoqYvBw5ZBKiNnQ==",
      "dependencies": {
        "source-map": "0.5.6"
      }
    }
  },
  "dependencies": {
    "@eclipse-scout/core": {
      "version": "11.0.15",
      "resolved": "https://registry.npmjs.org/@eclipse-scout/core/-/core-11.0.15.tgz",
      "integrity": "sha512-ae34wc7JGjh1SMSyrZYZdKb3xiuaOvZZFDJryQhzZ+sKRzKR5We0/Z2q5I3ZcuzA5PiqlMKBcxPAzCtQyMvxUw==",
      "requires": {
        "jquery": "3.5.1",
        "sourcemapped-stacktrace": "1.1.11"
      }
    },
    "jquery": {
      "version": "3.5.1",
      "resolved": "https://registry.npmjs.org/jquery/-/jquery-3.5.1.tgz",
      "integrity": "sha512-XwIBPqcMn57FxfT+Go5pzySnm4KWkT1Tv7gjrpT1srtf8Weynl6R273VJ5GjkRb51IzMp5nbaPjJXMWeju2MKg=="
    },
    "source-map": {
      "version": "0.5.6",
      "resolved": "https://registry.npmjs.org/source-map/-/source-map-0.5.6.tgz",
      "integrity": "sha1-dc449SvwczxafwwRjYEzSiu19BI="
    },
    "sourcemapped-stacktrace": {
      "version": "1.1.11",
      "resolved": "https://registry.npmjs.org/sourcemapped-stacktrace/-/sourcemapped-stacktrace-1.1.11.tgz",
      "integrity": "sha512-O0pcWjJqzQFVsisPlPXuNawJHHg9N9UgpJ/aDmvi9+vnS3x1C0NhwkVFzzZ1VN0Xo+bekyweoqYvBw5ZBKiNnQ==",
      "requires": {
        "source-map": "0.5.6"
      }
    }
  }
}
